
Microsoft Visual Studio Solution File, Format Version 12.00
# Visual Studio Version 16
VisualStudioVersion = 16.0.29418.71
MinimumVisualStudioVersion = 10.0.40219.1
Project("{9A19103F-16F7-4668-BE54-9A1E7A4F7556}") = "Consumer_Retail_Research_Analytics_NLP", "Speech2TextPrototype\Consumer_Retail_Research_Analytics_NLP.csproj", "{BE724413-33E3-4830-A55C-D398BEFADD4D}"
EndProject
Global
	GlobalSection(SolutionConfigurationPlatforms) = preSolution
		Debug|Any CPU = Debug|Any CPU
		Release|Any CPU = Release|Any CPU
	EndGlobalSection
	GlobalSection(ProjectConfigurationPlatforms) = postSolution
		{BE724413-33E3-4830-A55C-D398BEFADD4D}.Debug|Any CPU.ActiveCfg = Debug|Any CPU
		{BE724413-33E3-4830-A55C-D398BEFADD4D}.Debug|Any CPU.Build.0 = Debug|Any CPU
		{BE724413-33E3-4830-A55C-D398BEFADD4D}.Release|Any CPU.ActiveCfg = Release|Any CPU
		{BE724413-33E3-4830-A55C-D398BEFADD4D}.Release|Any CPU.Build.0 = Release|Any CPU
	EndGlobalSection
	GlobalSection(SolutionProperties) = preSolution
		HideSolutionNode = FALSE
	EndGlobalSection
	GlobalSection(ExtensibilityGlobals) = postSolution
		SolutionGuid = {B3DEDA16-E97F-4763-B253-60A860745C42}
	EndGlobalSection
EndGlobal
